
Microsoft Visual Studio Solution File, Format Version 12.00
# Visual Studio 15
VisualStudioVersion = 15.0.26430.14
MinimumVisualStudioVersion = 10.0.40219.1
Project("{FAE04EC0-301F-11D3-BF4B-00C04F79EFBC}") = "NoteAPI", "MiNoteAPI\NoteAPI\NoteAPI.csproj", "{CC2F3704-8360-4339-A95F-5BF7193C135C}"
EndProject
Project("{FAE04EC0-301F-11D3-BF4B-00C04F79EFBC}") = "MiNoteAPI.UnitTests", "MiNoteAPI\NUnitTests\MiNoteAPI.UnitTests.csproj", "{2D1D18CB-60A8-44CC-9C87-749D321D92D7}"
EndProject
Project("{FAE04EC0-301F-11D3-BF4B-00C04F79EFBC}") = "MiNoteAPI.IntegrationTests", "MiNoteAPI\IntegrationTests\MiNoteAPI.IntegrationTests.csproj", "{DBFD09E4-EBDC-45C9-B053-90878B392534}"
EndProject
Project("{FAE04EC0-301F-11D3-BF4B-00C04F79EFBC}") = "NoteService", "NoteService\NoteService\NoteService.csproj", "{12527040-B69D-4DC8-972C-C565C3E6EB77}"
EndProject
Project("{FAE04EC0-301F-11D3-BF4B-00C04F79EFBC}") = "ServiceInterfaces", "ServiceCore\ServiceInterfaces\ServiceInterfaces.csproj", "{4C3DB823-4533-48B9-B91F-37D0DA04AF62}"
EndProject
Project("{2150E333-8FDC-42A3-9474-1A3956D46DE8}") = "NoteService", "NoteService", "{78AD5434-9656-4A38-A201-A861AAC94C12}"
EndProject
Project("{FAE04EC0-301F-11D3-BF4B-00C04F79EFBC}") = "IntegrationTests", "NoteService\IntegrationTests\IntegrationTests.csproj", "{73EC0981-E04D-405C-8085-174D7E7FC6B3}"
EndProject
Project("{2150E333-8FDC-42A3-9474-1A3956D46DE8}") = "ServiceCore", "ServiceCore", "{FA130A13-DD1E-411C-A40D-C11261014CB9}"
EndProject
Project("{2150E333-8FDC-42A3-9474-1A3956D46DE8}") = "MiNoteAPI", "MiNoteAPI", "{9246FD54-0B76-4354-8554-899315C58912}"
EndProject
Project("{FAE04EC0-301F-11D3-BF4B-00C04F79EFBC}") = "ServiceCore", "ServiceCore\ServiceCore\ServiceCore.csproj", "{C9C4F6CB-E9A3-4669-8777-893A25381ABB}"
EndProject
Project("{FAE04EC0-301F-11D3-BF4B-00C04F79EFBC}") = "IntegrationTests", "ServiceCore\IntegrationTests\IntegrationTests.csproj", "{2F0DED8B-B1AF-4E81-812A-1A35B803508D}"
EndProject
Project("{FAE04EC0-301F-11D3-BF4B-00C04F79EFBC}") = "NUnitTests", "NoteService\NUnitTests\NUnitTests.csproj", "{12644DAB-0605-4D50-B9F3-F99C77C193E5}"
EndProject
Global
	GlobalSection(SolutionConfigurationPlatforms) = preSolution
		Debug|Any CPU = Debug|Any CPU
		Release|Any CPU = Release|Any CPU
	EndGlobalSection
	GlobalSection(ProjectConfigurationPlatforms) = postSolution
		{CC2F3704-8360-4339-A95F-5BF7193C135C}.Debug|Any CPU.ActiveCfg = Debug|Any CPU
		{CC2F3704-8360-4339-A95F-5BF7193C135C}.Debug|Any CPU.Build.0 = Debug|Any CPU
		{CC2F3704-8360-4339-A95F-5BF7193C135C}.Release|Any CPU.ActiveCfg = Release|Any CPU
		{CC2F3704-8360-4339-A95F-5BF7193C135C}.Release|Any CPU.Build.0 = Release|Any CPU
		{2D1D18CB-60A8-44CC-9C87-749D321D92D7}.Debug|Any CPU.ActiveCfg = Debug|Any CPU
		{2D1D18CB-60A8-44CC-9C87-749D321D92D7}.Debug|Any CPU.Build.0 = Debug|Any CPU
		{2D1D18CB-60A8-44CC-9C87-749D321D92D7}.Release|Any CPU.ActiveCfg = Release|Any CPU
		{2D1D18CB-60A8-44CC-9C87-749D321D92D7}.Release|Any CPU.Build.0 = Release|Any CPU
		{DBFD09E4-EBDC-45C9-B053-90878B392534}.Debug|Any CPU.ActiveCfg = Debug|Any CPU
		{DBFD09E4-EBDC-45C9-B053-90878B392534}.Debug|Any CPU.Build.0 = Debug|Any CPU
		{DBFD09E4-EBDC-45C9-B053-90878B392534}.Release|Any CPU.ActiveCfg = Release|Any CPU
		{DBFD09E4-EBDC-45C9-B053-90878B392534}.Release|Any CPU.Build.0 = Release|Any CPU
		{12527040-B69D-4DC8-972C-C565C3E6EB77}.Debug|Any CPU.ActiveCfg = Debug|Any CPU
		{12527040-B69D-4DC8-972C-C565C3E6EB77}.Debug|Any CPU.Build.0 = Debug|Any CPU
		{12527040-B69D-4DC8-972C-C565C3E6EB77}.Release|Any CPU.ActiveCfg = Release|Any CPU
		{12527040-B69D-4DC8-972C-C565C3E6EB77}.Release|Any CPU.Build.0 = Release|Any CPU
		{4C3DB823-4533-48B9-B91F-37D0DA04AF62}.Debug|Any CPU.ActiveCfg = Debug|Any CPU
		{4C3DB823-4533-48B9-B91F-37D0DA04AF62}.Debug|Any CPU.Build.0 = Debug|Any CPU
		{4C3DB823-4533-48B9-B91F-37D0DA04AF62}.Release|Any CPU.ActiveCfg = Release|Any CPU
		{4C3DB823-4533-48B9-B91F-37D0DA04AF62}.Release|Any CPU.Build.0 = Release|Any CPU
		{73EC0981-E04D-405C-8085-174D7E7FC6B3}.Debug|Any CPU.ActiveCfg = Debug|Any CPU
		{73EC0981-E04D-405C-8085-174D7E7FC6B3}.Debug|Any CPU.Build.0 = Debug|Any CPU
		{73EC0981-E04D-405C-8085-174D7E7FC6B3}.Release|Any CPU.ActiveCfg = Release|Any CPU
		{73EC0981-E04D-405C-8085-174D7E7FC6B3}.Release|Any CPU.Build.0 = Release|Any CPU
		{C9C4F6CB-E9A3-4669-8777-893A25381ABB}.Debug|Any CPU.ActiveCfg = Debug|Any CPU
		{C9C4F6CB-E9A3-4669-8777-893A25381ABB}.Debug|Any CPU.Build.0 = Debug|Any CPU
		{C9C4F6CB-E9A3-4669-8777-893A25381ABB}.Release|Any CPU.ActiveCfg = Release|Any CPU
		{C9C4F6CB-E9A3-4669-8777-893A25381ABB}.Release|Any CPU.Build.0 = Release|Any CPU
		{2F0DED8B-B1AF-4E81-812A-1A35B803508D}.Debug|Any CPU.ActiveCfg = Debug|Any CPU
		{2F0DED8B-B1AF-4E81-812A-1A35B803508D}.Debug|Any CPU.Build.0 = Debug|Any CPU
		{2F0DED8B-B1AF-4E81-812A-1A35B803508D}.Release|Any CPU.ActiveCfg = Release|Any CPU
		{2F0DED8B-B1AF-4E81-812A-1A35B803508D}.Release|Any CPU.Build.0 = Release|Any CPU
		{12644DAB-0605-4D50-B9F3-F99C77C193E5}.Debug|Any CPU.ActiveCfg = Debug|Any CPU
		{12644DAB-0605-4D50-B9F3-F99C77C193E5}.Debug|Any CPU.Build.0 = Debug|Any CPU
		{12644DAB-0605-4D50-B9F3-F99C77C193E5}.Release|Any CPU.ActiveCfg = Release|Any CPU
		{12644DAB-0605-4D50-B9F3-F99C77C193E5}.Release|Any CPU.Build.0 = Release|Any CPU
	EndGlobalSection
	GlobalSection(SolutionProperties) = preSolution
		HideSolutionNode = FALSE
	EndGlobalSection
	GlobalSection(NestedProjects) = preSolution
		{CC2F3704-8360-4339-A95F-5BF7193C135C} = {9246FD54-0B76-4354-8554-899315C58912}
		{2D1D18CB-60A8-44CC-9C87-749D321D92D7} = {9246FD54-0B76-4354-8554-899315C58912}
		{DBFD09E4-EBDC-45C9-B053-90878B392534} = {9246FD54-0B76-4354-8554-899315C58912}
		{12527040-B69D-4DC8-972C-C565C3E6EB77} = {78AD5434-9656-4A38-A201-A861AAC94C12}
		{4C3DB823-4533-48B9-B91F-37D0DA04AF62} = {FA130A13-DD1E-411C-A40D-C11261014CB9}
		{73EC0981-E04D-405C-8085-174D7E7FC6B3} = {78AD5434-9656-4A38-A201-A861AAC94C12}
		{C9C4F6CB-E9A3-4669-8777-893A25381ABB} = {FA130A13-DD1E-411C-A40D-C11261014CB9}
		{2F0DED8B-B1AF-4E81-812A-1A35B803508D} = {FA130A13-DD1E-411C-A40D-C11261014CB9}
		{12644DAB-0605-4D50-B9F3-F99C77C193E5} = {78AD5434-9656-4A38-A201-A861AAC94C12}
	EndGlobalSection
EndGlobal
